
Microsoft Visual Studio Solution File, Format Version 12.00
# Visual Studio Version 17
VisualStudioVersion = 17.1.32210.238
MinimumVisualStudioVersion = 10.0.40219.1
Project("{FAE04EC0-301F-11D3-BF4B-00C04F79EFBC}") = "double_linked_list", "double_linked_list\double_linked_list.csproj", "{58C41661-46C1-4FA6-A6E6-D336A91CCE40}"
EndProject
Global
	GlobalSection(SolutionConfigurationPlatforms) = preSolution
		Debug|Any CPU = Debug|Any CPU
		Release|Any CPU = Release|Any CPU
	EndGlobalSection
	GlobalSection(ProjectConfigurationPlatforms) = postSolution
		{58C41661-46C1-4FA6-A6E6-D336A91CCE40}.Debug|Any CPU.ActiveCfg = Debug|Any CPU
		{58C41661-46C1-4FA6-A6E6-D336A91CCE40}.Debug|Any CPU.Build.0 = Debug|Any CPU
		{58C41661-46C1-4FA6-A6E6-D336A91CCE40}.Release|Any CPU.ActiveCfg = Release|Any CPU
		{58C41661-46C1-4FA6-A6E6-D336A91CCE40}.Release|Any CPU.Build.0 = Release|Any CPU
	EndGlobalSection
	GlobalSection(SolutionProperties) = preSolution
		HideSolutionNode = FALSE
	EndGlobalSection
	GlobalSection(ExtensibilityGlobals) = postSolution
		SolutionGuid = {5D4D176F-9654-41BE-9825-463864DC7CF0}
	EndGlobalSection
EndGlobal
